
Microsoft Visual Studio Solution File, Format Version 12.00
# Visual Studio 15
VisualStudioVersion = 15.0.27130.2003
MinimumVisualStudioVersion = 10.0.40219.1
Project("{8BC9CEB8-8B4A-11D0-8D11-00A0C91BC942}") = "DirectZwRWVM", "DirectZwRWVM\DirectZwRWVM.vcxproj", "{C62ABD02-013A-429D-BCCD-AFA21CC95A50}"
EndProject
Global
	GlobalSection(SolutionConfigurationPlatforms) = preSolution
		Debug|x64 = Debug|x64
		Debug|x86 = Debug|x86
		Release|x64 = Release|x64
		Release|x86 = Release|x86
	EndGlobalSection
	GlobalSection(ProjectConfigurationPlatforms) = postSolution
		{C62ABD02-013A-429D-BCCD-AFA21CC95A50}.Debug|x64.ActiveCfg = Debug|x64
		{C62ABD02-013A-429D-BCCD-AFA21CC95A50}.Debug|x64.Build.0 = Debug|x64
		{C62ABD02-013A-429D-BCCD-AFA21CC95A50}.Debug|x86.ActiveCfg = Debug|Win32
		{C62ABD02-013A-429D-BCCD-AFA21CC95A50}.Debug|x86.Build.0 = Debug|Win32
		{C62ABD02-013A-429D-BCCD-AFA21CC95A50}.Release|x64.ActiveCfg = Release|x64
		{C62ABD02-013A-429D-BCCD-AFA21CC95A50}.Release|x64.Build.0 = Release|x64
		{C62ABD02-013A-429D-BCCD-AFA21CC95A50}.Release|x86.ActiveCfg = Release|Win32
		{C62ABD02-013A-429D-BCCD-AFA21CC95A50}.Release|x86.Build.0 = Release|Win32
	EndGlobalSection
	GlobalSection(SolutionProperties) = preSolution
		HideSolutionNode = FALSE
	EndGlobalSection
	GlobalSection(ExtensibilityGlobals) = postSolution
		SolutionGuid = {71754C55-A35E-4751-AA98-BCA37802DD25}
	EndGlobalSection
EndGlobal
